// !$*UTF8*$!
{
	archiveVersion = 1;
	classes = {
	};
	objectVersion = 56;
	objects = {

/* Begin PBXBuildFile section */
		147D9D7A2AA2157A00337E81 /* AppDelegate.swift in Sources */ = {isa = PBXBuildFile; fileRef = 147D9D792AA2157A00337E81 /* AppDelegate.swift */; };
		147D9D7C2AA2157A00337E81 /* SceneDelegate.swift in Sources */ = {isa = PBXBuildFile; fileRef = 147D9D7B2AA2157A00337E81 /* SceneDelegate.swift */; };
		147D9D7E2AA2157A00337E81 /* ViewController.swift in Sources */ = {isa = PBXBuildFile; fileRef = 147D9D7D2AA2157A00337E81 /* ViewController.swift */; };
		147D9D812AA2157A00337E81 /* Main.storyboard in Resources */ = {isa = PBXBuildFile; fileRef = 147D9D7F2AA2157A00337E81 /* Main.storyboard */; };
		147D9D832AA2157B00337E81 /* Assets.xcassets in Resources */ = {isa = PBXBuildFile; fileRef = 147D9D822AA2157B00337E81 /* Assets.xcassets */; };
		147D9D862AA2157B00337E81 /* LaunchScreen.storyboard in Resources */ = {isa = PBXBuildFile; fileRef = 147D9D842AA2157B00337E81 /* LaunchScreen.storyboard */; };
		147D9D912AA2157B00337E81 /* Gradient_and_ShadowTests.swift in Sources */ = {isa = PBXBuildFile; fileRef = 147D9D902AA2157B00337E81 /* Gradient_and_ShadowTests.swift */; };
		147D9D9B2AA2157B00337E81 /* Gradient_and_ShadowUITests.swift in Sources */ = {isa = PBXBuildFile; fileRef = 147D9D9A2AA2157B00337E81 /* Gradient_and_ShadowUITests.swift */; };
		147D9D9D2AA2157B00337E81 /* Gradient_and_ShadowUITestsLaunchTests.swift in Sources */ = {isa = PBXBuildFile; fileRef = 147D9D9C2AA2157B00337E81 /* Gradient_and_ShadowUITestsLaunchTests.swift */; };
/* End PBXBuildFile section */

/* Begin PBXContainerItemProxy section */
		147D9D8D2AA2157B00337E81 /* PBXContainerItemProxy */ = {
			isa = PBXContainerItemProxy;
			containerPortal = 147D9D6E2AA2157A00337E81 /* Project object */;
			proxyType = 1;
			remoteGlobalIDString = 147D9D752AA2157A00337E81;
			remoteInfo = "Gradient and Shadow";
		};
		147D9D972AA2157B00337E81 /* PBXContainerItemProxy */ = {
			isa = PBXContainerItemProxy;
			containerPortal = 147D9D6E2AA2157A00337E81 /* Project object */;
			proxyType = 1;
			remoteGlobalIDString = 147D9D752AA2157A00337E81;
			remoteInfo = "Gradient and Shadow";
		};
/* End PBXContainerItemProxy section */

/* Begin PBXFileReference section */
		147D9D762AA2157A00337E81 /* Gradient and Shadow.app */ = {isa = PBXFileReference; explicitFileType = wrapper.application; includeInIndex = 0; path = "Gradient and Shadow.app"; sourceTree = BUILT_PRODUCTS_DIR; };
		147D9D792AA2157A00337E81 /* AppDelegate.swift */ = {isa = PBXFileReference; lastKnownFileType = sourcecode.swift; path = AppDelegate.swift; sourceTree = "<group>"; };
		147D9D7B2AA2157A00337E81 /* SceneDelegate.swift */ = {isa = PBXFileReference; lastKnownFileType = sourcecode.swift; path = SceneDelegate.swift; sourceTree = "<group>"; };
		147D9D7D2AA2157A00337E81 /* ViewController.swift */ = {isa = PBXFileReference; lastKnownFileType = sourcecode.swift; path = ViewController.swift; sourceTree = "<group>"; };
		147D9D802AA2157A00337E81 /* Base */ = {isa = PBXFileReference; lastKnownFileType = file.storyboard; name = Base; path = Base.lproj/Main.storyboard; sourceTree = "<group>"; };
		147D9D822AA2157B00337E81 /* Assets.xcassets */ = {isa = PBXFileReference; lastKnownFileType = folder.assetcatalog; path = Assets.xcassets; sourceTree = "<group>"; };
		147D9D852AA2157B00337E81 /* Base */ = {isa = PBXFileReference; lastKnownFileType = file.storyboard; name = Base; path = Base.lproj/LaunchScreen.storyboard; sourceTree = "<group>"; };
		147D9D872AA2157B00337E81 /* Info.plist */ = {isa = PBXFileReference; lastKnownFileType = text.plist.xml; path = Info.plist; sourceTree = "<group>"; };
		147D9D8C2AA2157B00337E81 /* Gradient and ShadowTests.xctest */ = {isa = PBXFileReference; explicitFileType = wrapper.cfbundle; includeInIndex = 0; path = "Gradient and ShadowTests.xctest"; sourceTree = BUILT_PRODUCTS_DIR; };
		147D9D902AA2157B00337E81 /* Gradient_and_ShadowTests.swift */ = {isa = PBXFileReference; lastKnownFileType = sourcecode.swift; path = Gradient_and_ShadowTests.swift; sourceTree = "<group>"; };
		147D9D962AA2157B00337E81 /* Gradient and ShadowUITests.xctest */ = {isa = PBXFileReference; explicitFileType = wrapper.cfbundle; includeInIndex = 0; path = "Gradient and ShadowUITests.xctest"; sourceTree = BUILT_PRODUCTS_DIR; };
		147D9D9A2AA2157B00337E81 /* Gradient_and_ShadowUITests.swift */ = {isa = PBXFileReference; lastKnownFileType = sourcecode.swift; path = Gradient_and_ShadowUITests.swift; sourceTree = "<group>"; };
		147D9D9C2AA2157B00337E81 /* Gradient_and_ShadowUITestsLaunchTests.swift */ = {isa = PBXFileReference; lastKnownFileType = sourcecode.swift; path = Gradient_and_ShadowUITestsLaunchTests.swift; sourceTree = "<group>"; };
/* End PBXFileReference section */

/* Begin PBXFrameworksBuildPhase section */
		147D9D732AA2157A00337E81 /* Frameworks */ = {
			isa = PBXFrameworksBuildPhase;
			buildActionMask = 2147483647;
			files = (
			);
			runOnlyForDeploymentPostprocessing = 0;
		};
		147D9D892AA2157B00337E81 /* Frameworks */ = {
			isa = PBXFrameworksBuildPhase;
			buildActionMask = 2147483647;
			files = (
			);
			runOnlyForDeploymentPostprocessing = 0;
		};
		147D9D932AA2157B00337E81 /* Frameworks */ = {
			isa = PBXFrameworksBuildPhase;
			buildActionMask = 2147483647;
			files = (
			);
			runOnlyForDeploymentPostprocessing = 0;
		};
/* End PBXFrameworksBuildPhase section */

/* Begin PBXGroup section */
		147D9D6D2AA2157A00337E81 = {
			isa = PBXGroup;
			children = (
				147D9D782AA2157A00337E81 /* Gradient and Shadow */,
				147D9D8F2AA2157B00337E81 /* Gradient and ShadowTests */,
				147D9D992AA2157B00337E81 /* Gradient and ShadowUITests */,
				147D9D772AA2157A00337E81 /* Products */,
			);
			sourceTree = "<group>";
		};
		147D9D772AA2157A00337E81 /* Products */ = {
			isa = PBXGroup;
			children = (
				147D9D762AA2157A00337E81 /* Gradient and Shadow.app */,
				147D9D8C2AA2157B00337E81 /* Gradient and ShadowTests.xctest */,
				147D9D962AA2157B00337E81 /* Gradient and ShadowUITests.xctest */,
			);
			name = Products;
			sourceTree = "<group>";
		};
		147D9D782AA2157A00337E81 /* Gradient and Shadow */ = {
			isa = PBXGroup;
			children = (
				147D9D792AA2157A00337E81 /* AppDelegate.swift */,
				147D9D7B2AA2157A00337E81 /* SceneDelegate.swift */,
				147D9D7D2AA2157A00337E81 /* ViewController.swift */,
				147D9D7F2AA2157A00337E81 /* Main.storyboard */,
				147D9D822AA2157B00337E81 /* Assets.xcassets */,
				147D9D842AA2157B00337E81 /* LaunchScreen.storyboard */,
				147D9D872AA2157B00337E81 /* Info.plist */,
			);
			path = "Gradient and Shadow";
			sourceTree = "<group>";
		};
		147D9D8F2AA2157B00337E81 /* Gradient and ShadowTests */ = {
			isa = PBXGroup;
			children = (
				147D9D902AA2157B00337E81 /* Gradient_and_ShadowTests.swift */,
			);
			path = "Gradient and ShadowTests";
			sourceTree = "<group>";
		};
		147D9D992AA2157B00337E81 /* Gradient and ShadowUITests */ = {
			isa = PBXGroup;
			children = (
				147D9D9A2AA2157B00337E81 /* Gradient_and_ShadowUITests.swift */,
				147D9D9C2AA2157B00337E81 /* Gradient_and_ShadowUITestsLaunchTests.swift */,
			);
			path = "Gradient and ShadowUITests";
			sourceTree = "<group>";
		};
/* End PBXGroup section */

/* Begin PBXNativeTarget section */
		147D9D752AA2157A00337E81 /* Gradient and Shadow */ = {
			isa = PBXNativeTarget;
			buildConfigurationList = 147D9DA02AA2157B00337E81 /* Build configuration list for PBXNativeTarget "Gradient and Shadow" */;
			buildPhases = (
				147D9D722AA2157A00337E81 /* Sources */,
				147D9D732AA2157A00337E81 /* Frameworks */,
				147D9D742AA2157A00337E81 /* Resources */,
			);
			buildRules = (
			);
			dependencies = (
			);
			name = "Gradient and Shadow";
			productName = "Gradient and Shadow";
			productReference = 147D9D762AA2157A00337E81 /* Gradient and Shadow.app */;
			productType = "com.apple.product-type.application";
		};
		147D9D8B2AA2157B00337E81 /* Gradient and ShadowTests */ = {
			isa = PBXNativeTarget;
			buildConfigurationList = 147D9DA32AA2157B00337E81 /* Build configuration list for PBXNativeTarget "Gradient and ShadowTests" */;
			buildPhases = (
				147D9D882AA2157B00337E81 /* Sources */,
				147D9D892AA2157B00337E81 /* Frameworks */,
				147D9D8A2AA2157B00337E81 /* Resources */,
			);
			buildRules = (
			);
			dependencies = (
				147D9D8E2AA2157B00337E81 /* PBXTargetDependency */,
			);
			name = "Gradient and ShadowTests";
			productName = "Gradient and ShadowTests";
			productReference = 147D9D8C2AA2157B00337E81 /* Gradient and ShadowTests.xctest */;
			productType = "com.apple.product-type.bundle.unit-test";
		};
		147D9D952AA2157B00337E81 /* Gradient and ShadowUITests */ = {
			isa = PBXNativeTarget;
			buildConfigurationList = 147D9DA62AA2157B00337E81 /* Build configuration list for PBXNativeTarget "Gradient and ShadowUITests" */;
			buildPhases = (
				147D9D922AA2157B00337E81 /* Sources */,
				147D9D932AA2157B00337E81 /* Frameworks */,
				147D9D942AA2157B00337E81 /* Resources */,
			);
			buildRules = (
			);
			dependencies = (
				147D9D982AA2157B00337E81 /* PBXTargetDependency */,
			);
			name = "Gradient and ShadowUITests";
			productName = "Gradient and ShadowUITests";
			productReference = 147D9D962AA2157B00337E81 /* Gradient and ShadowUITests.xctest */;
			productType = "com.apple.product-type.bundle.ui-testing";
		};
/* End PBXNativeTarget section */

/* Begin PBXProject section */
		147D9D6E2AA2157A00337E81 /* Project object */ = {
			isa = PBXProject;
			attributes = {
				BuildIndependentTargetsInParallel = 1;
				LastSwiftUpdateCheck = 1430;
				LastUpgradeCheck = 1430;
				TargetAttributes = {
					147D9D752AA2157A00337E81 = {
						CreatedOnToolsVersion = 14.3.1;
					};
					147D9D8B2AA2157B00337E81 = {
						CreatedOnToolsVersion = 14.3.1;
						TestTargetID = 147D9D752AA2157A00337E81;
					};
					147D9D952AA2157B00337E81 = {
						CreatedOnToolsVersion = 14.3.1;
						TestTargetID = 147D9D752AA2157A00337E81;
					};
				};
			};
			buildConfigurationList = 147D9D712AA2157A00337E81 /* Build configuration list for PBXProject "Gradient and Shadow" */;
			compatibilityVersion = "Xcode 14.0";
			developmentRegion = en;
			hasScannedForEncodings = 0;
			knownRegions = (
				en,
				Base,
			);
			mainGroup = 147D9D6D2AA2157A00337E81;
			productRefGroup = 147D9D772AA2157A00337E81 /* Products */;
			projectDirPath = "";
			projectRoot = "";
			targets = (
				147D9D752AA2157A00337E81 /* Gradient and Shadow */,
				147D9D8B2AA2157B00337E81 /* Gradient and ShadowTests */,
				147D9D952AA2157B00337E81 /* Gradient and ShadowUITests */,
			);
		};
/* End PBXProject section */

/* Begin PBXResourcesBuildPhase section */
		147D9D742AA2157A00337E81 /* Resources */ = {
			isa = PBXResourcesBuildPhase;
			buildActionMask = 2147483647;
			files = (
				147D9D862AA2157B00337E81 /* LaunchScreen.storyboard in Resources */,
				147D9D832AA2157B00337E81 /* Assets.xcassets in Resources */,
				147D9D812AA2157A00337E81 /* Main.storyboard in Resources */,
			);
			runOnlyForDeploymentPostprocessing = 0;
		};
		147D9D8A2AA2157B00337E81 /* Resources */ = {
			isa = PBXResourcesBuildPhase;
			buildActionMask = 2147483647;
			files = (
			);
			runOnlyForDeploymentPostprocessing = 0;
		};
		147D9D942AA2157B00337E81 /* Resources */ = {
			isa = PBXResourcesBuildPhase;
			buildActionMask = 2147483647;
			files = (
			);
			runOnlyForDeploymentPostprocessing = 0;
		};
/* End PBXResourcesBuildPhase section */

/* Begin PBXSourcesBuildPhase section */
		147D9D722AA2157A00337E81 /* Sources */ = {
			isa = PBXSourcesBuildPhase;
			buildActionMask = 2147483647;
			files = (
				147D9D7E2AA2157A00337E81 /* ViewController.swift in Sources */,
				147D9D7A2AA2157A00337E81 /* AppDelegate.swift in Sources */,
				147D9D7C2AA2157A00337E81 /* SceneDelegate.swift in Sources */,
			);
			runOnlyForDeploymentPostprocessing = 0;
		};
		147D9D882AA2157B00337E81 /* Sources */ = {
			isa = PBXSourcesBuildPhase;
			buildActionMask = 2147483647;
			files = (
				147D9D912AA2157B00337E81 /* Gradient_and_ShadowTests.swift in Sources */,
			);
			runOnlyForDeploymentPostprocessing = 0;
		};
		147D9D922AA2157B00337E81 /* Sources */ = {
			isa = PBXSourcesBuildPhase;
			buildActionMask = 2147483647;
			files = (
				147D9D9D2AA2157B00337E81 /* Gradient_and_ShadowUITestsLaunchTests.swift in Sources */,
				147D9D9B2AA2157B00337E81 /* Gradient_and_ShadowUITests.swift in Sources */,
			);
			runOnlyForDeploymentPostprocessing = 0;
		};
/* End PBXSourcesBuildPhase section */

/* Begin PBXTargetDependency section */
		147D9D8E2AA2157B00337E81 /* PBXTargetDependency */ = {
			isa = PBXTargetDependency;
			target = 147D9D752AA2157A00337E81 /* Gradient and Shadow */;
			targetProxy = 147D9D8D2AA2157B00337E81 /* PBXContainerItemProxy */;
		};
		147D9D982AA2157B00337E81 /* PBXTargetDependency */ = {
			isa = PBXTargetDependency;
			target = 147D9D752AA2157A00337E81 /* Gradient and Shadow */;
			targetProxy = 147D9D972AA2157B00337E81 /* PBXContainerItemProxy */;
		};
/* End PBXTargetDependency section */

/* Begin PBXVariantGroup section */
		147D9D7F2AA2157A00337E81 /* Main.storyboard */ = {
			isa = PBXVariantGroup;
			children = (
				147D9D802AA2157A00337E81 /* Base */,
			);
			name = Main.storyboard;
			sourceTree = "<group>";
		};
		147D9D842AA2157B00337E81 /* LaunchScreen.storyboard */ = {
			isa = PBXVariantGroup;
			children = (
				147D9D852AA2157B00337E81 /* Base */,
			);
			name = LaunchScreen.storyboard;
			sourceTree = "<group>";
		};
/* End PBXVariantGroup section */

/* Begin XCBuildConfiguration section */
		147D9D9E2AA2157B00337E81 /* Debug */ = {
			isa = XCBuildConfiguration;
			buildSettings = {
				ALWAYS_SEARCH_USER_PATHS = NO;
				CLANG_ANALYZER_NONNULL = YES;
				CLANG_ANALYZER_NUMBER_OBJECT_CONVERSION = YES_AGGRESSIVE;
				CLANG_CXX_LANGUAGE_STANDARD = "gnu++20";
				CLANG_ENABLE_MODULES = YES;
				CLANG_ENABLE_OBJC_ARC = YES;
				CLANG_ENABLE_OBJC_WEAK = YES;
				CLANG_WARN_BLOCK_CAPTURE_AUTORELEASING = YES;
				CLANG_WARN_BOOL_CONVERSION = YES;
				CLANG_WARN_COMMA = YES;
				CLANG_WARN_CONSTANT_CONVERSION = YES;
				CLANG_WARN_DEPRECATED_OBJC_IMPLEMENTATIONS = YES;
				CLANG_WARN_DIRECT_OBJC_ISA_USAGE = YES_ERROR;
				CLANG_WARN_DOCUMENTATION_COMMENTS = YES;
				CLANG_WARN_EMPTY_BODY = YES;
				CLANG_WARN_ENUM_CONVERSION = YES;
				CLANG_WARN_INFINITE_RECURSION = YES;
				CLANG_WARN_INT_CONVERSION = YES;
				CLANG_WARN_NON_LITERAL_NULL_CONVERSION = YES;
				CLANG_WARN_OBJC_IMPLICIT_RETAIN_SELF = YES;
				CLANG_WARN_OBJC_LITERAL_CONVERSION = YES;
				CLANG_WARN_OBJC_ROOT_CLASS = YES_ERROR;
				CLANG_WARN_QUOTED_INCLUDE_IN_FRAMEWORK_HEADER = YES;
				CLANG_WARN_RANGE_LOOP_ANALYSIS = YES;
				CLANG_WARN_STRICT_PROTOTYPES = YES;
				CLANG_WARN_SUSPICIOUS_MOVE = YES;
				CLANG_WARN_UNGUARDED_AVAILABILITY = YES_AGGRESSIVE;
				CLANG_WARN_UNREACHABLE_CODE = YES;
				CLANG_WARN__DUPLICATE_METHOD_MATCH = YES;
				COPY_PHASE_STRIP = NO;
				DEBUG_INFORMATION_FORMAT = dwarf;
				ENABLE_STRICT_OBJC_MSGSEND = YES;
				ENABLE_TESTABILITY = YES;
				GCC_C_LANGUAGE_STANDARD = gnu11;
				GCC_DYNAMIC_NO_PIC = NO;
				GCC_NO_COMMON_BLOCKS = YES;
				GCC_OPTIMIZATION_LEVEL = 0;
				GCC_PREPROCESSOR_DEFINITIONS = (
					"DEBUG=1",
					"$(inherited)",
				);
				GCC_WARN_64_TO_32_BIT_CONVERSION = YES;
				GCC_WARN_ABOUT_RETURN_TYPE = YES_ERROR;
				GCC_WARN_UNDECLARED_SELECTOR = YES;
				GCC_WARN_UNINITIALIZED_AUTOS = YES_AGGRESSIVE;
				GCC_WARN_UNUSED_FUNCTION = YES;
				GCC_WARN_UNUSED_VARIABLE = YES;
				IPHONEOS_DEPLOYMENT_TARGET = 16.4;
				MTL_ENABLE_DEBUG_INFO = INCLUDE_SOURCE;
				MTL_FAST_MATH = YES;
				ONLY_ACTIVE_ARCH = YES;
				SDKROOT = iphoneos;
				SWIFT_ACTIVE_COMPILATION_CONDITIONS = DEBUG;
				SWIFT_OPTIMIZATION_LEVEL = "-Onone";
			};
			name = Debug;
		};
		147D9D9F2AA2157B00337E81 /* Release */ = {
			isa = XCBuildConfiguration;
			buildSettings = {
				ALWAYS_SEARCH_USER_PATHS = NO;
				CLANG_ANALYZER_NONNULL = YES;
				CLANG_ANALYZER_NUMBER_OBJECT_CONVERSION = YES_AGGRESSIVE;
				CLANG_CXX_LANGUAGE_STANDARD = "gnu++20";
				CLANG_ENABLE_MODULES = YES;
				CLANG_ENABLE_OBJC_ARC = YES;
				CLANG_ENABLE_OBJC_WEAK = YES;
				CLANG_WARN_BLOCK_CAPTURE_AUTORELEASING = YES;
				CLANG_WARN_BOOL_CONVERSION = YES;
				CLANG_WARN_COMMA = YES;
				CLANG_WARN_CONSTANT_CONVERSION = YES;
				CLANG_WARN_DEPRECATED_OBJC_IMPLEMENTATIONS = YES;
				CLANG_WARN_DIRECT_OBJC_ISA_USAGE = YES_ERROR;
				CLANG_WARN_DOCUMENTATION_COMMENTS = YES;
				CLANG_WARN_EMPTY_BODY = YES;
				CLANG_WARN_ENUM_CONVERSION = YES;
				CLANG_WARN_INFINITE_RECURSION = YES;
				CLANG_WARN_INT_CONVERSION = YES;
				CLANG_WARN_NON_LITERAL_NULL_CONVERSION = YES;
				CLANG_WARN_OBJC_IMPLICIT_RETAIN_SELF = YES;
				CLANG_WARN_OBJC_LITERAL_CONVERSION = YES;
				CLANG_WARN_OBJC_ROOT_CLASS = YES_ERROR;
				CLANG_WARN_QUOTED_INCLUDE_IN_FRAMEWORK_HEADER = YES;
				CLANG_WARN_RANGE_LOOP_ANALYSIS = YES;
				CLANG_WARN_STRICT_PROTOTYPES = YES;
				CLANG_WARN_SUSPICIOUS_MOVE = YES;
				CLANG_WARN_UNGUARDED_AVAILABILITY = YES_AGGRESSIVE;
				CLANG_WARN_UNREACHABLE_CODE = YES;
				CLANG_WARN__DUPLICATE_METHOD_MATCH = YES;
				COPY_PHASE_STRIP = NO;
				DEBUG_INFORMATION_FORMAT = "dwarf-with-dsym";
				ENABLE_NS_ASSERTIONS = NO;
				ENABLE_STRICT_OBJC_MSGSEND = YES;
				GCC_C_LANGUAGE_STANDARD = gnu11;
				GCC_NO_COMMON_BLOCKS = YES;
				GCC_WARN_64_TO_32_BIT_CONVERSION = YES;
				GCC_WARN_ABOUT_RETURN_TYPE = YES_ERROR;
				GCC_WARN_UNDECLARED_SELECTOR = YES;
				GCC_WARN_UNINITIALIZED_AUTOS = YES_AGGRESSIVE;
				GCC_WARN_UNUSED_FUNCTION = YES;
				GCC_WARN_UNUSED_VARIABLE = YES;
				IPHONEOS_DEPLOYMENT_TARGET = 16.4;
				MTL_ENABLE_DEBUG_INFO = NO;
				MTL_FAST_MATH = YES;
				SDKROOT = iphoneos;
				SWIFT_COMPILATION_MODE = wholemodule;
				SWIFT_OPTIMIZATION_LEVEL = "-O";
				VALIDATE_PRODUCT = YES;
			};
			name = Release;
		};
		147D9DA12AA2157B00337E81 /* Debug */ = {
			isa = XCBuildConfiguration;
			buildSettings = {
				ASSETCATALOG_COMPILER_APPICON_NAME = AppIcon;
				ASSETCATALOG_COMPILER_GLOBAL_ACCENT_COLOR_NAME = AccentColor;
				CODE_SIGN_STYLE = Automatic;
				CURRENT_PROJECT_VERSION = 1;
				DEVELOPMENT_TEAM = C7FU5N6DWE;
				GENERATE_INFOPLIST_FILE = YES;
				INFOPLIST_FILE = "Gradient and Shadow/Info.plist";
				INFOPLIST_KEY_UIApplicationSupportsIndirectInputEvents = YES;
				INFOPLIST_KEY_UILaunchStoryboardName = LaunchScreen;
				INFOPLIST_KEY_UIMainStoryboardFile = Main;
				INFOPLIST_KEY_UISupportedInterfaceOrientations_iPad = "UIInterfaceOrientationPortrait UIInterfaceOrientationPortraitUpsideDown UIInterfaceOrientationLandscapeLeft UIInterfaceOrientationLandscapeRight";
				INFOPLIST_KEY_UISupportedInterfaceOrientations_iPhone = "UIInterfaceOrientationPortrait UIInterfaceOrientationLandscapeLeft UIInterfaceOrientationLandscapeRight";
				LD_RUNPATH_SEARCH_PATHS = (
					"$(inherited)",
					"@executable_path/Frameworks",
				);
				MARKETING_VERSION = 1.0;
				PRODUCT_BUNDLE_IDENTIFIER = "milkirill.Gradient-and-Shadow";
				PRODUCT_NAME = "$(TARGET_NAME)";
				SWIFT_EMIT_LOC_STRINGS = YES;
				SWIFT_VERSION = 5.0;
				TARGETED_DEVICE_FAMILY = "1,2";
			};
			name = Debug;
		};
		147D9DA22AA2157B00337E81 /* Release */ = {
			isa = XCBuildConfiguration;
			buildSettings = {
				ASSETCATALOG_COMPILER_APPICON_NAME = AppIcon;
				ASSETCATALOG_COMPILER_GLOBAL_ACCENT_COLOR_NAME = AccentColor;
				CODE_SIGN_STYLE = Automatic;
				CURRENT_PROJECT_VERSION = 1;
				DEVELOPMENT_TEAM = C7FU5N6DWE;
				GENERATE_INFOPLIST_FILE = YES;
				INFOPLIST_FILE = "Gradient and Shadow/Info.plist";
				INFOPLIST_KEY_UIApplicationSupportsIndirectInputEvents = YES;
				INFOPLIST_KEY_UILaunchStoryboardName = LaunchScreen;
				INFOPLIST_KEY_UIMainStoryboardFile = Main;
				INFOPLIST_KEY_UISupportedInterfaceOrientations_iPad = "UIInterfaceOrientationPortrait UIInterfaceOrientationPortraitUpsideDown UIInterfaceOrientationLandscapeLeft UIInterfaceOrientationLandscapeRight";
				INFOPLIST_KEY_UISupportedInterfaceOrientations_iPhone = "UIInterfaceOrientationPortrait UIInterfaceOrientationLandscapeLeft UIInterfaceOrientationLandscapeRight";
				LD_RUNPATH_SEARCH_PATHS = (
					"$(inherited)",
					"@executable_path/Frameworks",
				);
				MARKETING_VERSION = 1.0;
				PRODUCT_BUNDLE_IDENTIFIER = "milkirill.Gradient-and-Shadow";
				PRODUCT_NAME = "$(TARGET_NAME)";
				SWIFT_EMIT_LOC_STRINGS = YES;
				SWIFT_VERSION = 5.0;
				TARGETED_DEVICE_FAMILY = "1,2";
			};
			name = Release;
		};
		147D9DA42AA2157B00337E81 /* Debug */ = {
			isa = XCBuildConfiguration;
			buildSettings = {
				ALWAYS_EMBED_SWIFT_STANDARD_LIBRARIES = YES;
				BUNDLE_LOADER = "$(TEST_HOST)";
				CODE_SIGN_STYLE = Automatic;
				CURRENT_PROJECT_VERSION = 1;
				DEVELOPMENT_TEAM = C7FU5N6DWE;
				GENERATE_INFOPLIST_FILE = YES;
				IPHONEOS_DEPLOYMENT_TARGET = 16.4;
				MARKETING_VERSION = 1.0;
				PRODUCT_BUNDLE_IDENTIFIER = "milkirill.Gradient-and-ShadowTests";
				PRODUCT_NAME = "$(TARGET_NAME)";
				SWIFT_EMIT_LOC_STRINGS = NO;
				SWIFT_VERSION = 5.0;
				TARGETED_DEVICE_FAMILY = "1,2";
				TEST_HOST = "$(BUILT_PRODUCTS_DIR)/Gradient and Shadow.app/$(BUNDLE_EXECUTABLE_FOLDER_PATH)/Gradient and Shadow";
			};
			name = Debug;
		};
		147D9DA52AA2157B00337E81 /* Release */ = {
			isa = XCBuildConfiguration;
			buildSettings = {
				ALWAYS_EMBED_SWIFT_STANDARD_LIBRARIES = YES;
				BUNDLE_LOADER = "$(TEST_HOST)";
				CODE_SIGN_STYLE = Automatic;
				CURRENT_PROJECT_VERSION = 1;
				DEVELOPMENT_TEAM = C7FU5N6DWE;
				GENERATE_INFOPLIST_FILE = YES;
				IPHONEOS_DEPLOYMENT_TARGET = 16.4;
				MARKETING_VERSION = 1.0;
				PRODUCT_BUNDLE_IDENTIFIER = "milkirill.Gradient-and-ShadowTests";
				PRODUCT_NAME = "$(TARGET_NAME)";
				SWIFT_EMIT_LOC_STRINGS = NO;
				SWIFT_VERSION = 5.0;
				TARGETED_DEVICE_FAMILY = "1,2";
				TEST_HOST = "$(BUILT_PRODUCTS_DIR)/Gradient and Shadow.app/$(BUNDLE_EXECUTABLE_FOLDER_PATH)/Gradient and Shadow";
			};
			name = Release;
		};
		147D9DA72AA2157B00337E81 /* Debug */ = {
			isa = XCBuildConfiguration;
			buildSettings = {
				ALWAYS_EMBED_SWIFT_STANDARD_LIBRARIES = YES;
				CODE_SIGN_STYLE = Automatic;
				CURRENT_PROJECT_VERSION = 1;
				DEVELOPMENT_TEAM = C7FU5N6DWE;
				GENERATE_INFOPLIST_FILE = YES;
				MARKETING_VERSION = 1.0;
				PRODUCT_BUNDLE_IDENTIFIER = "milkirill.Gradient-and-ShadowUITests";
				PRODUCT_NAME = "$(TARGET_NAME)";
				SWIFT_EMIT_LOC_STRINGS = NO;
				SWIFT_VERSION = 5.0;
				TARGETED_DEVICE_FAMILY = "1,2";
				TEST_TARGET_NAME = "Gradient and Shadow";
			};
			name = Debug;
		};
		147D9DA82AA2157B00337E81 /* Release */ = {
			isa = XCBuildConfiguration;
			buildSettings = {
				ALWAYS_EMBED_SWIFT_STANDARD_LIBRARIES = YES;
				CODE_SIGN_STYLE = Automatic;
				CURRENT_PROJECT_VERSION = 1;
				DEVELOPMENT_TEAM = C7FU5N6DWE;
				GENERATE_INFOPLIST_FILE = YES;
				MARKETING_VERSION = 1.0;
				PRODUCT_BUNDLE_IDENTIFIER = "milkirill.Gradient-and-ShadowUITests";
				PRODUCT_NAME = "$(TARGET_NAME)";
				SWIFT_EMIT_LOC_STRINGS = NO;
				SWIFT_VERSION = 5.0;
				TARGETED_DEVICE_FAMILY = "1,2";
				TEST_TARGET_NAME = "Gradient and Shadow";
			};
			name = Release;
		};
/* End XCBuildConfiguration section */

/* Begin XCConfigurationList section */
		147D9D712AA2157A00337E81 /* Build configuration list for PBXProject "Gradient and Shadow" */ = {
			isa = XCConfigurationList;
			buildConfigurations = (
				147D9D9E2AA2157B00337E81 /* Debug */,
				147D9D9F2AA2157B00337E81 /* Release */,
			);
			defaultConfigurationIsVisible = 0;
			defaultConfigurationName = Release;
		};
		147D9DA02AA2157B00337E81 /* Build configuration list for PBXNativeTarget "Gradient and Shadow" */ = {
			isa = XCConfigurationList;
			buildConfigurations = (
				147D9DA12AA2157B00337E81 /* Debug */,
				147D9DA22AA2157B00337E81 /* Release */,
			);
			defaultConfigurationIsVisible = 0;
			defaultConfigurationName = Release;
		};
		147D9DA32AA2157B00337E81 /* Build configuration list for PBXNativeTarget "Gradient and ShadowTests" */ = {
			isa = XCConfigurationList;
			buildConfigurations = (
				147D9DA42AA2157B00337E81 /* Debug */,
				147D9DA52AA2157B00337E81 /* Release */,
			);
			defaultConfigurationIsVisible = 0;
			defaultConfigurationName = Release;
		};
		147D9DA62AA2157B00337E81 /* Build configuration list for PBXNativeTarget "Gradient and ShadowUITests" */ = {
			isa = XCConfigurationList;
			buildConfigurations = (
				147D9DA72AA2157B00337E81 /* Debug */,
				147D9DA82AA2157B00337E81 /* Release */,
			);
			defaultConfigurationIsVisible = 0;
			defaultConfigurationName = Release;
		};
/* End XCConfigurationList section */
	};
	rootObject = 147D9D6E2AA2157A00337E81 /* Project object */;
}
